// !$*UTF8*$!
{
	archiveVersion = 1;
	classes = {
	};
	objectVersion = 46;
	objects = {

/* Begin PBXBuildFile section */
		90D5D9131AFD40E9007DDABF /* Test.json in Resources */ = {isa = PBXBuildFile; fileRef = 90D5D9121AFD40E9007DDABF /* Test.json */; };
		90FB27C81AFAC1EE004CF560 /* main.m in Sources */ = {isa = PBXBuildFile; fileRef = 90FB27C71AFAC1EE004CF560 /* main.m */; };
		90FB27CB1AFAC1EE004CF560 /* AppDelegate.m in Sources */ = {isa = PBXBuildFile; fileRef = 90FB27CA1AFAC1EE004CF560 /* AppDelegate.m */; };
		90FB27CE1AFAC1EE004CF560 /* ViewController.m in Sources */ = {isa = PBXBuildFile; fileRef = 90FB27CD1AFAC1EE004CF560 /* ViewController.m */; };
		90FB27D11AFAC1EE004CF560 /* Main.storyboard in Resources */ = {isa = PBXBuildFile; fileRef = 90FB27CF1AFAC1EE004CF560 /* Main.storyboard */; };
		90FB27D31AFAC1EE004CF560 /* Images.xcassets in Resources */ = {isa = PBXBuildFile; fileRef = 90FB27D21AFAC1EE004CF560 /* Images.xcassets */; };
		90FB27D61AFAC1EE004CF560 /* LaunchScreen.xib in Resources */ = {isa = PBXBuildFile; fileRef = 90FB27D41AFAC1EE004CF560 /* LaunchScreen.xib */; };
		90FB27E21AFAC1EE004CF560 /* JSONSerializationTests.m in Sources */ = {isa = PBXBuildFile; fileRef = 90FB27E11AFAC1EE004CF560 /* JSONSerializationTests.m */; };
		90FB27ED1AFAC26B004CF560 /* Person.m in Sources */ = {isa = PBXBuildFile; fileRef = 90FB27EC1AFAC26B004CF560 /* Person.m */; };
		90FF49B21AFBDDCA00F207D4 /* Company.m in Sources */ = {isa = PBXBuildFile; fileRef = 90FF49B11AFBDDCA00F207D4 /* Company.m */; };
		90FF49B51AFBFE0200F207D4 /* NSObject+JSON.m in Sources */ = {isa = PBXBuildFile; fileRef = 90FF49B41AFBFE0200F207D4 /* NSObject+JSON.m */; };
/* End PBXBuildFile section */

/* Begin PBXContainerItemProxy section */
		90FB27DC1AFAC1EE004CF560 /* PBXContainerItemProxy */ = {
			isa = PBXContainerItemProxy;
			containerPortal = 90FB27BA1AFAC1EE004CF560 /* Project object */;
			proxyType = 1;
			remoteGlobalIDString = 90FB27C11AFAC1EE004CF560;
			remoteInfo = JSONSerialization;
		};
/* End PBXContainerItemProxy section */

/* Begin PBXFileReference section */
		90D5D9121AFD40E9007DDABF /* Test.json */ = {isa = PBXFileReference; fileEncoding = 4; lastKnownFileType = text.json; path = Test.json; sourceTree = "<group>"; };
		90FB27C21AFAC1EE004CF560 /* JSONSerialization.app */ = {isa = PBXFileReference; explicitFileType = wrapper.application; includeInIndex = 0; path = JSONSerialization.app; sourceTree = BUILT_PRODUCTS_DIR; };
		90FB27C61AFAC1EE004CF560 /* Info.plist */ = {isa = PBXFileReference; lastKnownFileType = text.plist.xml; path = Info.plist; sourceTree = "<group>"; };
		90FB27C71AFAC1EE004CF560 /* main.m */ = {isa = PBXFileReference; lastKnownFileType = sourcecode.c.objc; path = main.m; sourceTree = "<group>"; };
		90FB27C91AFAC1EE004CF560 /* AppDelegate.h */ = {isa = PBXFileReference; lastKnownFileType = sourcecode.c.h; path = AppDelegate.h; sourceTree = "<group>"; };
		90FB27CA1AFAC1EE004CF560 /* AppDelegate.m */ = {isa = PBXFileReference; lastKnownFileType = sourcecode.c.objc; path = AppDelegate.m; sourceTree = "<group>"; };
		90FB27CC1AFAC1EE004CF560 /* ViewController.h */ = {isa = PBXFileReference; lastKnownFileType = sourcecode.c.h; path = ViewController.h; sourceTree = "<group>"; };
		90FB27CD1AFAC1EE004CF560 /* ViewController.m */ = {isa = PBXFileReference; lastKnownFileType = sourcecode.c.objc; path = ViewController.m; sourceTree = "<group>"; };
		90FB27D01AFAC1EE004CF560 /* Base */ = {isa = PBXFileReference; lastKnownFileType = file.storyboard; name = Base; path = Base.lproj/Main.storyboard; sourceTree = "<group>"; };
		90FB27D21AFAC1EE004CF560 /* Images.xcassets */ = {isa = PBXFileReference; lastKnownFileType = folder.assetcatalog; path = Images.xcassets; sourceTree = "<group>"; };
		90FB27D51AFAC1EE004CF560 /* Base */ = {isa = PBXFileReference; lastKnownFileType = file.xib; name = Base; path = Base.lproj/LaunchScreen.xib; sourceTree = "<group>"; };
		90FB27DB1AFAC1EE004CF560 /* JSONSerializationTests.xctest */ = {isa = PBXFileReference; explicitFileType = wrapper.cfbundle; includeInIndex = 0; path = JSONSerializationTests.xctest; sourceTree = BUILT_PRODUCTS_DIR; };
		90FB27E01AFAC1EE004CF560 /* Info.plist */ = {isa = PBXFileReference; lastKnownFileType = text.plist.xml; path = Info.plist; sourceTree = "<group>"; };
		90FB27E11AFAC1EE004CF560 /* JSONSerializationTests.m */ = {isa = PBXFileReference; lastKnownFileType = sourcecode.c.objc; path = JSONSerializationTests.m; sourceTree = "<group>"; };
		90FB27EB1AFAC26B004CF560 /* Person.h */ = {isa = PBXFileReference; fileEncoding = 4; lastKnownFileType = sourcecode.c.h; path = Person.h; sourceTree = "<group>"; };
		90FB27EC1AFAC26B004CF560 /* Person.m */ = {isa = PBXFileReference; fileEncoding = 4; lastKnownFileType = sourcecode.c.objc; path = Person.m; sourceTree = "<group>"; };
		90FB27F11AFAC584004CF560 /* Prefix.pch */ = {isa = PBXFileReference; lastKnownFileType = sourcecode.c.h; path = Prefix.pch; sourceTree = "<group>"; };
		90FF49B01AFBDDCA00F207D4 /* Company.h */ = {isa = PBXFileReference; fileEncoding = 4; lastKnownFileType = sourcecode.c.h; path = Company.h; sourceTree = "<group>"; };
		90FF49B11AFBDDCA00F207D4 /* Company.m */ = {isa = PBXFileReference; fileEncoding = 4; lastKnownFileType = sourcecode.c.objc; path = Company.m; sourceTree = "<group>"; };
		90FF49B31AFBFE0200F207D4 /* NSObject+JSON.h */ = {isa = PBXFileReference; fileEncoding = 4; lastKnownFileType = sourcecode.c.h; path = "NSObject+JSON.h"; sourceTree = "<group>"; };
		90FF49B41AFBFE0200F207D4 /* NSObject+JSON.m */ = {isa = PBXFileReference; fileEncoding = 4; lastKnownFileType = sourcecode.c.objc; path = "NSObject+JSON.m"; sourceTree = "<group>"; };
/* End PBXFileReference section */

/* Begin PBXFrameworksBuildPhase section */
		90FB27BF1AFAC1EE004CF560 /* Frameworks */ = {
			isa = PBXFrameworksBuildPhase;
			buildActionMask = 2147483647;
			files = (
			);
			runOnlyForDeploymentPostprocessing = 0;
		};
		90FB27D81AFAC1EE004CF560 /* Frameworks */ = {
			isa = PBXFrameworksBuildPhase;
			buildActionMask = 2147483647;
			files = (
			);
			runOnlyForDeploymentPostprocessing = 0;
		};
/* End PBXFrameworksBuildPhase section */

/* Begin PBXGroup section */
		90FB27B91AFAC1EE004CF560 = {
			isa = PBXGroup;
			children = (
				90FB27C41AFAC1EE004CF560 /* JSONSerialization */,
				90FB27DE1AFAC1EE004CF560 /* JSONSerializationTests */,
				90FB27C31AFAC1EE004CF560 /* Products */,
			);
			sourceTree = "<group>";
		};
		90FB27C31AFAC1EE004CF560 /* Products */ = {
			isa = PBXGroup;
			children = (
				90FB27C21AFAC1EE004CF560 /* JSONSerialization.app */,
				90FB27DB1AFAC1EE004CF560 /* JSONSerializationTests.xctest */,
			);
			name = Products;
			sourceTree = "<group>";
		};
		90FB27C41AFAC1EE004CF560 /* JSONSerialization */ = {
			isa = PBXGroup;
			children = (
				90FF49B31AFBFE0200F207D4 /* NSObject+JSON.h */,
				90FF49B41AFBFE0200F207D4 /* NSObject+JSON.m */,
				90FB27C91AFAC1EE004CF560 /* AppDelegate.h */,
				90FB27CA1AFAC1EE004CF560 /* AppDelegate.m */,
				90FB27CC1AFAC1EE004CF560 /* ViewController.h */,
				90FB27CD1AFAC1EE004CF560 /* ViewController.m */,
				90FB27CF1AFAC1EE004CF560 /* Main.storyboard */,
				90FB27D21AFAC1EE004CF560 /* Images.xcassets */,
				90FB27D41AFAC1EE004CF560 /* LaunchScreen.xib */,
				90FB27C51AFAC1EE004CF560 /* Supporting Files */,
				90FB27EB1AFAC26B004CF560 /* Person.h */,
				90FB27EC1AFAC26B004CF560 /* Person.m */,
				90FF49B01AFBDDCA00F207D4 /* Company.h */,
				90FF49B11AFBDDCA00F207D4 /* Company.m */,
			);
			path = JSONSerialization;
			sourceTree = "<group>";
		};
		90FB27C51AFAC1EE004CF560 /* Supporting Files */ = {
			isa = PBXGroup;
			children = (
				90FB27C61AFAC1EE004CF560 /* Info.plist */,
				90FB27C71AFAC1EE004CF560 /* main.m */,
				90FB27F11AFAC584004CF560 /* Prefix.pch */,
			);
			name = "Supporting Files";
			sourceTree = "<group>";
		};
		90FB27DE1AFAC1EE004CF560 /* JSONSerializationTests */ = {
			isa = PBXGroup;
			children = (
				90FB27E11AFAC1EE004CF560 /* JSONSerializationTests.m */,
				90FB27DF1AFAC1EE004CF560 /* Supporting Files */,
				90D5D9121AFD40E9007DDABF /* Test.json */,
			);
			path = JSONSerializationTests;
			sourceTree = "<group>";
		};
		90FB27DF1AFAC1EE004CF560 /* Supporting Files */ = {
			isa = PBXGroup;
			children = (
				90FB27E01AFAC1EE004CF560 /* Info.plist */,
			);
			name = "Supporting Files";
			sourceTree = "<group>";
		};
/* End PBXGroup section */

/* Begin PBXNativeTarget section */
		90FB27C11AFAC1EE004CF560 /* JSONSerialization */ = {
			isa = PBXNativeTarget;
			buildConfigurationList = 90FB27E51AFAC1EE004CF560 /* Build configuration list for PBXNativeTarget "JSONSerialization" */;
			buildPhases = (
				90FB27BE1AFAC1EE004CF560 /* Sources */,
				90FB27BF1AFAC1EE004CF560 /* Frameworks */,
				90FB27C01AFAC1EE004CF560 /* Resources */,
			);
			buildRules = (
			);
			dependencies = (
			);
			name = JSONSerialization;
			productName = JSONSerialization;
			productReference = 90FB27C21AFAC1EE004CF560 /* JSONSerialization.app */;
			productType = "com.apple.product-type.application";
		};
		90FB27DA1AFAC1EE004CF560 /* JSONSerializationTests */ = {
			isa = PBXNativeTarget;
			buildConfigurationList = 90FB27E81AFAC1EE004CF560 /* Build configuration list for PBXNativeTarget "JSONSerializationTests" */;
			buildPhases = (
				90FB27D71AFAC1EE004CF560 /* Sources */,
				90FB27D81AFAC1EE004CF560 /* Frameworks */,
				90FB27D91AFAC1EE004CF560 /* Resources */,
			);
			buildRules = (
			);
			dependencies = (
				90FB27DD1AFAC1EE004CF560 /* PBXTargetDependency */,
			);
			name = JSONSerializationTests;
			productName = JSONSerializationTests;
			productReference = 90FB27DB1AFAC1EE004CF560 /* JSONSerializationTests.xctest */;
			productType = "com.apple.product-type.bundle.unit-test";
		};
/* End PBXNativeTarget section */

/* Begin PBXProject section */
		90FB27BA1AFAC1EE004CF560 /* Project object */ = {
			isa = PBXProject;
			attributes = {
				LastUpgradeCheck = 0630;
				ORGANIZATIONNAME = "Avigit Saha";
				TargetAttributes = {
					90FB27C11AFAC1EE004CF560 = {
						CreatedOnToolsVersion = 6.3.1;
					};
					90FB27DA1AFAC1EE004CF560 = {
						CreatedOnToolsVersion = 6.3.1;
						TestTargetID = 90FB27C11AFAC1EE004CF560;
					};
				};
			};
			buildConfigurationList = 90FB27BD1AFAC1EE004CF560 /* Build configuration list for PBXProject "JSONSerialization" */;
			compatibilityVersion = "Xcode 3.2";
			developmentRegion = English;
			hasScannedForEncodings = 0;
			knownRegions = (
				en,
				Base,
			);
			mainGroup = 90FB27B91AFAC1EE004CF560;
			productRefGroup = 90FB27C31AFAC1EE004CF560 /* Products */;
			projectDirPath = "";
			projectRoot = "";
			targets = (
				90FB27C11AFAC1EE004CF560 /* JSONSerialization */,
				90FB27DA1AFAC1EE004CF560 /* JSONSerializationTests */,
			);
		};
/* End PBXProject section */

/* Begin PBXResourcesBuildPhase section */
		90FB27C01AFAC1EE004CF560 /* Resources */ = {
			isa = PBXResourcesBuildPhase;
			buildActionMask = 2147483647;
			files = (
				90FB27D11AFAC1EE004CF560 /* Main.storyboard in Resources */,
				90FB27D61AFAC1EE004CF560 /* LaunchScreen.xib in Resources */,
				90FB27D31AFAC1EE004CF560 /* Images.xcassets in Resources */,
			);
			runOnlyForDeploymentPostprocessing = 0;
		};
		90FB27D91AFAC1EE004CF560 /* Resources */ = {
			isa = PBXResourcesBuildPhase;
			buildActionMask = 2147483647;
			files = (
				90D5D9131AFD40E9007DDABF /* Test.json in Resources */,
			);
			runOnlyForDeploymentPostprocessing = 0;
		};
/* End PBXResourcesBuildPhase section */

/* Begin PBXSourcesBuildPhase section */
		90FB27BE1AFAC1EE004CF560 /* Sources */ = {
			isa = PBXSourcesBuildPhase;
			buildActionMask = 2147483647;
			files = (
				90FF49B21AFBDDCA00F207D4 /* Company.m in Sources */,
				90FB27CE1AFAC1EE004CF560 /* ViewController.m in Sources */,
				90FB27CB1AFAC1EE004CF560 /* AppDelegate.m in Sources */,
				90FB27ED1AFAC26B004CF560 /* Person.m in Sources */,
				90FB27C81AFAC1EE004CF560 /* main.m in Sources */,
				90FF49B51AFBFE0200F207D4 /* NSObject+JSON.m in Sources */,
			);
			runOnlyForDeploymentPostprocessing = 0;
		};
		90FB27D71AFAC1EE004CF560 /* Sources */ = {
			isa = PBXSourcesBuildPhase;
			buildActionMask = 2147483647;
			files = (
				90FB27E21AFAC1EE004CF560 /* JSONSerializationTests.m in Sources */,
			);
			runOnlyForDeploymentPostprocessing = 0;
		};
/* End PBXSourcesBuildPhase section */

/* Begin PBXTargetDependency section */
		90FB27DD1AFAC1EE004CF560 /* PBXTargetDependency */ = {
			isa = PBXTargetDependency;
			target = 90FB27C11AFAC1EE004CF560 /* JSONSerialization */;
			targetProxy = 90FB27DC1AFAC1EE004CF560 /* PBXContainerItemProxy */;
		};
/* End PBXTargetDependency section */

/* Begin PBXVariantGroup section */
		90FB27CF1AFAC1EE004CF560 /* Main.storyboard */ = {
			isa = PBXVariantGroup;
			children = (
				90FB27D01AFAC1EE004CF560 /* Base */,
			);
			name = Main.storyboard;
			sourceTree = "<group>";
		};
		90FB27D41AFAC1EE004CF560 /* LaunchScreen.xib */ = {
			isa = PBXVariantGroup;
			children = (
				90FB27D51AFAC1EE004CF560 /* Base */,
			);
			name = LaunchScreen.xib;
			sourceTree = "<group>";
		};
/* End PBXVariantGroup section */

/* Begin XCBuildConfiguration section */
		90FB27E31AFAC1EE004CF560 /* Debug */ = {
			isa = XCBuildConfiguration;
			buildSettings = {
				ALWAYS_SEARCH_USER_PATHS = NO;
				CLANG_CXX_LANGUAGE_STANDARD = "gnu++0x";
				CLANG_CXX_LIBRARY = "libc++";
				CLANG_ENABLE_MODULES = YES;
				CLANG_ENABLE_OBJC_ARC = YES;
				CLANG_WARN_BOOL_CONVERSION = YES;
				CLANG_WARN_CONSTANT_CONVERSION = YES;
				CLANG_WARN_DIRECT_OBJC_ISA_USAGE = YES_ERROR;
				CLANG_WARN_EMPTY_BODY = YES;
				CLANG_WARN_ENUM_CONVERSION = YES;
				CLANG_WARN_INT_CONVERSION = YES;
				CLANG_WARN_OBJC_ROOT_CLASS = YES_ERROR;
				CLANG_WARN_UNREACHABLE_CODE = YES;
				CLANG_WARN__DUPLICATE_METHOD_MATCH = YES;
				"CODE_SIGN_IDENTITY[sdk=iphoneos*]" = "iPhone Developer";
				COPY_PHASE_STRIP = NO;
				DEBUG_INFORMATION_FORMAT = "dwarf-with-dsym";
				ENABLE_STRICT_OBJC_MSGSEND = YES;
				GCC_C_LANGUAGE_STANDARD = gnu99;
				GCC_DYNAMIC_NO_PIC = NO;
				GCC_NO_COMMON_BLOCKS = YES;
				GCC_OPTIMIZATION_LEVEL = 0;
				GCC_PREPROCESSOR_DEFINITIONS = (
					"DEBUG=1",
					"$(inherited)",
				);
				GCC_SYMBOLS_PRIVATE_EXTERN = NO;
				GCC_WARN_64_TO_32_BIT_CONVERSION = YES;
				GCC_WARN_ABOUT_RETURN_TYPE = YES_ERROR;
				GCC_WARN_UNDECLARED_SELECTOR = YES;
				GCC_WARN_UNINITIALIZED_AUTOS = YES_AGGRESSIVE;
				GCC_WARN_UNUSED_FUNCTION = YES;
				GCC_WARN_UNUSED_VARIABLE = YES;
				IPHONEOS_DEPLOYMENT_TARGET = 8.3;
				MTL_ENABLE_DEBUG_INFO = YES;
				ONLY_ACTIVE_ARCH = YES;
				SDKROOT = iphoneos;
				TARGETED_DEVICE_FAMILY = "1,2";
			};
			name = Debug;
		};
		90FB27E41AFAC1EE004CF560 /* Release */ = {
			isa = XCBuildConfiguration;
			buildSettings = {
				ALWAYS_SEARCH_USER_PATHS = NO;
				CLANG_CXX_LANGUAGE_STANDARD = "gnu++0x";
				CLANG_CXX_LIBRARY = "libc++";
				CLANG_ENABLE_MODULES = YES;
				CLANG_ENABLE_OBJC_ARC = YES;
				CLANG_WARN_BOOL_CONVERSION = YES;
				CLANG_WARN_CONSTANT_CONVERSION = YES;
				CLANG_WARN_DIRECT_OBJC_ISA_USAGE = YES_ERROR;
				CLANG_WARN_EMPTY_BODY = YES;
				CLANG_WARN_ENUM_CONVERSION = YES;
				CLANG_WARN_INT_CONVERSION = YES;
				CLANG_WARN_OBJC_ROOT_CLASS = YES_ERROR;
				CLANG_WARN_UNREACHABLE_CODE = YES;
				CLANG_WARN__DUPLICATE_METHOD_MATCH = YES;
				"CODE_SIGN_IDENTITY[sdk=iphoneos*]" = "iPhone Developer";
				COPY_PHASE_STRIP = NO;
				DEBUG_INFORMATION_FORMAT = "dwarf-with-dsym";
				ENABLE_NS_ASSERTIONS = NO;
				ENABLE_STRICT_OBJC_MSGSEND = YES;
				GCC_C_LANGUAGE_STANDARD = gnu99;
				GCC_NO_COMMON_BLOCKS = YES;
				GCC_WARN_64_TO_32_BIT_CONVERSION = YES;
				GCC_WARN_ABOUT_RETURN_TYPE = YES_ERROR;
				GCC_WARN_UNDECLARED_SELECTOR = YES;
				GCC_WARN_UNINITIALIZED_AUTOS = YES_AGGRESSIVE;
				GCC_WARN_UNUSED_FUNCTION = YES;
				GCC_WARN_UNUSED_VARIABLE = YES;
				IPHONEOS_DEPLOYMENT_TARGET = 8.3;
				MTL_ENABLE_DEBUG_INFO = NO;
				SDKROOT = iphoneos;
				TARGETED_DEVICE_FAMILY = "1,2";
				VALIDATE_PRODUCT = YES;
			};
			name = Release;
		};
		90FB27E61AFAC1EE004CF560 /* Debug */ = {
			isa = XCBuildConfiguration;
			buildSettings = {
				ASSETCATALOG_COMPILER_APPICON_NAME = AppIcon;
				GCC_PREFIX_HEADER = /Users/avigit.saha/Projects/JSONSerialization/JSONSerialization/Prefix.pch;
				INFOPLIST_FILE = JSONSerialization/Info.plist;
				LD_RUNPATH_SEARCH_PATHS = "$(inherited) @executable_path/Frameworks";
				PRODUCT_NAME = "$(TARGET_NAME)";
			};
			name = Debug;
		};
		90FB27E71AFAC1EE004CF560 /* Release */ = {
			isa = XCBuildConfiguration;
			buildSettings = {
				ASSETCATALOG_COMPILER_APPICON_NAME = AppIcon;
				GCC_PREFIX_HEADER = /Users/avigit.saha/Projects/JSONSerialization/JSONSerialization/Prefix.pch;
				INFOPLIST_FILE = JSONSerialization/Info.plist;
				LD_RUNPATH_SEARCH_PATHS = "$(inherited) @executable_path/Frameworks";
				PRODUCT_NAME = "$(TARGET_NAME)";
			};
			name = Release;
		};
		90FB27E91AFAC1EE004CF560 /* Debug */ = {
			isa = XCBuildConfiguration;
			buildSettings = {
				BUNDLE_LOADER = "$(TEST_HOST)";
				FRAMEWORK_SEARCH_PATHS = (
					"$(SDKROOT)/Developer/Library/Frameworks",
					"$(inherited)",
				);
				GCC_PREFIX_HEADER = /Users/avigit.saha/Projects/JSONSerialization/JSONSerialization/Prefix.pch;
				GCC_PREPROCESSOR_DEFINITIONS = (
					"DEBUG=1",
					"$(inherited)",
				);
				INFOPLIST_FILE = JSONSerializationTests/Info.plist;
				LD_RUNPATH_SEARCH_PATHS = "$(inherited) @executable_path/Frameworks @loader_path/Frameworks";
				PRODUCT_NAME = "$(TARGET_NAME)";
				TEST_HOST = "$(BUILT_PRODUCTS_DIR)/JSONSerialization.app/JSONSerialization";
			};
			name = Debug;
		};
		90FB27EA1AFAC1EE004CF560 /* Release */ = {
			isa = XCBuildConfiguration;
			buildSettings = {
				BUNDLE_LOADER = "$(TEST_HOST)";
				FRAMEWORK_SEARCH_PATHS = (
					"$(SDKROOT)/Developer/Library/Frameworks",
					"$(inherited)",
				);
				GCC_PREFIX_HEADER = /Users/avigit.saha/Projects/JSONSerialization/JSONSerialization/Prefix.pch;
				INFOPLIST_FILE = JSONSerializationTests/Info.plist;
				LD_RUNPATH_SEARCH_PATHS = "$(inherited) @executable_path/Frameworks @loader_path/Frameworks";
				PRODUCT_NAME = "$(TARGET_NAME)";
				TEST_HOST = "$(BUILT_PRODUCTS_DIR)/JSONSerialization.app/JSONSerialization";
			};
			name = Release;
		};
/* End XCBuildConfiguration section */

/* Begin XCConfigurationList section */
		90FB27BD1AFAC1EE004CF560 /* Build configuration list for PBXProject "JSONSerialization" */ = {
			isa = XCConfigurationList;
			buildConfigurations = (
				90FB27E31AFAC1EE004CF560 /* Debug */,
				90FB27E41AFAC1EE004CF560 /* Release */,
			);
			defaultConfigurationIsVisible = 0;
			defaultConfigurationName = Release;
		};
		90FB27E51AFAC1EE004CF560 /* Build configuration list for PBXNativeTarget "JSONSerialization" */ = {
			isa = XCConfigurationList;
			buildConfigurations = (
				90FB27E61AFAC1EE004CF560 /* Debug */,
				90FB27E71AFAC1EE004CF560 /* Release */,
			);
			defaultConfigurationIsVisible = 0;
			defaultConfigurationName = Release;
		};
		90FB27E81AFAC1EE004CF560 /* Build configuration list for PBXNativeTarget "JSONSerializationTests" */ = {
			isa = XCConfigurationList;
			buildConfigurations = (
				90FB27E91AFAC1EE004CF560 /* Debug */,
				90FB27EA1AFAC1EE004CF560 /* Release */,
			);
			defaultConfigurationIsVisible = 0;
			defaultConfigurationName = Release;
		};
/* End XCConfigurationList section */
	};
	rootObject = 90FB27BA1AFAC1EE004CF560 /* Project object */;
}
